{
  "name": "VUE",
  "version": "1.0.0",
  "lockfileVersion": 1,
  "requires": true,
  "dependencies": {
    "@syncfusion/ej2-base": {
      "version": "20.1.56",
      "resolved": "https://registry.npmjs.org/@syncfusion/ej2-base/-/ej2-base-20.1.56.tgz",
      "integrity": "sha512-cNSX3fL1HBDHbdiqfv0oeu/67ik7Wde5PjiGH98y4FZRO0hDzST76KO+jq4EbZ+rQvb1v9bNpdwKpr/xpvH14Q==",
      "requires": {
        "@syncfusion/ej2-icons": "~20.1.55"
      }
    },
    "@syncfusion/ej2-buttons": {
      "version": "20.1.55",
      "resolved": "https://registry.npmjs.org/@syncfusion/ej2-buttons/-/ej2-buttons-20.1.55.tgz",
      "integrity": "sha512-4Dw5z9RL5TY5z3mZ7X66pzHegdgmeSt41gRDnhXqmq6k60k9O5dqCvfSe7op4Ufo8rRt9SWDd8UEqUAfzIxGfg==",
      "requires": {
        "@syncfusion/ej2-base": "~20.1.55"
      }
    },
    "@syncfusion/ej2-calendars": {
      "version": "20.1.56",
      "resolved": "https://registry.npmjs.org/@syncfusion/ej2-calendars/-/ej2-calendars-20.1.56.tgz",
      "integrity": "sha512-tMONJwa8UbhN5kGHGgJtUKzjjKpVRLPgKkKLENFjbCccciWV1DPniBeo6wyf4r9ES01+Yu4f3iLJgrc10x6QZg==",
      "requires": {
        "@syncfusion/ej2-base": "~20.1.56",
        "@syncfusion/ej2-buttons": "~20.1.55",
        "@syncfusion/ej2-inputs": "~20.1.55",
        "@syncfusion/ej2-lists": "~20.1.55",
        "@syncfusion/ej2-popups": "~20.1.55"
      }
    },
    "@syncfusion/ej2-charts": {
      "version": "20.1.56",
      "resolved": "https://registry.npmjs.org/@syncfusion/ej2-charts/-/ej2-charts-20.1.56.tgz",
      "integrity": "sha512-85WQoOlUMYnqhd3T1MEzHlwqz2je1jWhsICdt+9CuBafZOk7NR3EWlWrOI16eUhrXILUsXQQKwuVkEVnMRK9HA==",
      "requires": {
        "@syncfusion/ej2-base": "~20.1.56",
        "@syncfusion/ej2-calendars": "~20.1.56",
        "@syncfusion/ej2-compression": "~20.1.55",
        "@syncfusion/ej2-data": "~20.1.55",
        "@syncfusion/ej2-file-utils": "~20.1.55",
        "@syncfusion/ej2-navigations": "~20.1.56",
        "@syncfusion/ej2-pdf-export": "~20.1.55",
        "@syncfusion/ej2-svg-base": "~20.1.55"
      }
    },
    "@syncfusion/ej2-compression": {
      "version": "20.1.55",
      "resolved": "https://registry.npmjs.org/@syncfusion/ej2-compression/-/ej2-compression-20.1.55.tgz",
      "integrity": "sha512-GCnXVpLEeSyaEXDawY2hq9cuwaFqVgJmHUaPyhvhx5kQ0vmEsvhaUsefXsFzT45TxhDzTVDBoSezz7lTQIuybQ==",
      "requires": {
        "@syncfusion/ej2-file-utils": "~20.1.55"
      }
    },
    "@syncfusion/ej2-data": {
      "version": "20.1.55",
      "resolved": "https://registry.npmjs.org/@syncfusion/ej2-data/-/ej2-data-20.1.55.tgz",
      "integrity": "sha512-iPFnJOjXlOHTP6EV1Qlk4XSympesryDjOMTIB6uYtuUVrHJM87Zk1Wgat7LPyYSB8olVbmPfnDHgCPEOJ8O5vw==",
      "requires": {
        "@syncfusion/ej2-base": "~20.1.55"
      }
    },
    "@syncfusion/ej2-file-utils": {
      "version": "20.1.55",
      "resolved": "https://registry.npmjs.org/@syncfusion/ej2-file-utils/-/ej2-file-utils-20.1.55.tgz",
      "integrity": "sha512-Npgab78/jQ8OMWTWxwkiejx/5M+pL4zfJUvkTz+4pGXqA+TfXJcxxWYbxlEa4vVVPBNiiO/3PmaNoW9koq3rdQ=="
    },
    "@syncfusion/ej2-icons": {
      "version": "20.1.55",
      "resolved": "https://registry.npmjs.org/@syncfusion/ej2-icons/-/ej2-icons-20.1.55.tgz",
      "integrity": "sha512-+0KxvnfK1SIXHpfXoh5I0Boa73FyWn53oaJgD+UmR5Qnbd2xt2g/mRXvpsegDd+Y3fcJPAwcncHDfzeXG3Xb7w=="
    },
    "@syncfusion/ej2-inputs": {
      "version": "20.1.55",
      "resolved": "https://registry.npmjs.org/@syncfusion/ej2-inputs/-/ej2-inputs-20.1.55.tgz",
      "integrity": "sha512-ymT0favfwcNohI+xF/hlt/tIOFv9hHgLd6MHxAQc8AhKCSW85X+WNilIz0I2wXt0qck6hrVVjxyksQpPH4Ia1g==",
      "requires": {
        "@syncfusion/ej2-base": "~20.1.55",
        "@syncfusion/ej2-buttons": "~20.1.55",
        "@syncfusion/ej2-popups": "~20.1.55",
        "@syncfusion/ej2-splitbuttons": "~20.1.55"
      }
    },
    "@syncfusion/ej2-lists": {
      "version": "20.1.55",
      "resolved": "https://registry.npmjs.org/@syncfusion/ej2-lists/-/ej2-lists-20.1.55.tgz",
      "integrity": "sha512-0GT1GxuZygn0LFfm8XHwzcpxHA3oq6bsoZDMFLMSVLaFTEPN30Cx1VMwNWSDoEHk80D2M8xxAFWB9TOjYeuLFA==",
      "requires": {
        "@syncfusion/ej2-base": "~20.1.55",
        "@syncfusion/ej2-buttons": "~20.1.55",
        "@syncfusion/ej2-data": "~20.1.55"
      }
    },
    "@syncfusion/ej2-navigations": {
      "version": "20.1.56",
      "resolved": "https://registry.npmjs.org/@syncfusion/ej2-navigations/-/ej2-navigations-20.1.56.tgz",
      "integrity": "sha512-SVtKlPZfa5Wn9BA+XxlUJD6a4pjezbAMtxOizpxkTxql3sEgu9enXR30aSBLAo78Q2iPbLnbKie536rXdIlGcg==",
      "requires": {
        "@syncfusion/ej2-base": "~20.1.56",
        "@syncfusion/ej2-buttons": "~20.1.55",
        "@syncfusion/ej2-data": "~20.1.55",
        "@syncfusion/ej2-inputs": "~20.1.55",
        "@syncfusion/ej2-lists": "~20.1.55",
        "@syncfusion/ej2-popups": "~20.1.55"
      }
    },
    "@syncfusion/ej2-pdf-export": {
      "version": "20.1.55",
      "resolved": "https://registry.npmjs.org/@syncfusion/ej2-pdf-export/-/ej2-pdf-export-20.1.55.tgz",
      "integrity": "sha512-y1e9spCvTM2dHkn9sTWvgrpDrDMcrfrXqDxP0+OtVnmg3rzSWAiDIyquzgJFCq5QPm9MSW012Trn1S6Gpb+UeQ==",
      "requires": {
        "@syncfusion/ej2-compression": "~20.1.55"
      }
    },
    "@syncfusion/ej2-popups": {
      "version": "20.1.55",
      "resolved": "https://registry.npmjs.org/@syncfusion/ej2-popups/-/ej2-popups-20.1.55.tgz",
      "integrity": "sha512-6uFS/uLjc/kg6Tv4o8l6Pe/+s9TBvJTHcQt+1XaZpAg1WWGsphN0FjJNkAXz0RYMVF5B1hOUPvwISJRLGChfOw==",
      "requires": {
        "@syncfusion/ej2-base": "~20.1.55",
        "@syncfusion/ej2-buttons": "~20.1.55"
      }
    },
    "@syncfusion/ej2-splitbuttons": {
      "version": "20.1.55",
      "resolved": "https://registry.npmjs.org/@syncfusion/ej2-splitbuttons/-/ej2-splitbuttons-20.1.55.tgz",
      "integrity": "sha512-RuGoPITbB2FqC74nTR/cLjqVdXfdFlR8VlBJ8ctfXHHnB2YXrE+fkRfWTV9EJaFV8aGzy4dSJ/dmnPZf2S3n5g==",
      "requires": {
        "@syncfusion/ej2-base": "~20.1.55",
        "@syncfusion/ej2-popups": "~20.1.55"
      }
    },
    "@syncfusion/ej2-svg-base": {
      "version": "20.1.55",
      "resolved": "https://registry.npmjs.org/@syncfusion/ej2-svg-base/-/ej2-svg-base-20.1.55.tgz",
      "integrity": "sha512-jRmH70fvtG5MRL3ldaRAIthuAp7CDhj6j+Co/rAkyAYxI/r/1TkLKX9WEWQFNhGWftiSMnRacFUAwvzN2isPJg==",
      "requires": {
        "@syncfusion/ej2-base": "~20.1.55"
      }
    },
    "@syncfusion/ej2-vue-base": {
      "version": "20.1.56",
      "resolved": "https://registry.npmjs.org/@syncfusion/ej2-vue-base/-/ej2-vue-base-20.1.56.tgz",
      "integrity": "sha512-5GkL8HcAazXkXmW//o5kRfhjpiOqp6nYkc2fCV5v/UA4AG8nphQO9wOm+S0nfcvyMCWvJdk6Rv5c1xwBAU7UHw==",
      "requires": {
        "@syncfusion/ej2-base": "~20.1.56",
        "glob": "^7.0.5"
      }
    },
    "@syncfusion/ej2-vue-charts": {
      "version": "20.1.56",
      "resolved": "https://registry.npmjs.org/@syncfusion/ej2-vue-charts/-/ej2-vue-charts-20.1.56.tgz",
      "integrity": "sha512-AEv4Z2W/FfmEC5Y12c4nx+ZCrcMbHwO6RQI5+Jf8X2CrDoTEsXiJWx0z+5jH0FZBkhOqF5JWj5CfHx9ZER0lEA==",
      "requires": {
        "@syncfusion/ej2-base": "~20.1.56",
        "@syncfusion/ej2-charts": "20.1.56",
        "@syncfusion/ej2-vue-base": "~20.1.56"
      }
    },
    "balanced-match": {
      "version": "1.0.2",
      "resolved": "https://registry.npmjs.org/balanced-match/-/balanced-match-1.0.2.tgz",
      "integrity": "sha512-3oSeUO0TMV67hN1AmbXsK4yaqU7tjiHlbxRDZOpH0KW9+CeX4bRAaX0Anxt0tx2MrpRpWwQaPwIlISEJhYU5Pw=="
    },
    "brace-expansion": {
      "version": "1.1.11",
      "resolved": "https://registry.npmjs.org/brace-expansion/-/brace-expansion-1.1.11.tgz",
      "integrity": "sha512-iCuPHDFgrHX7H2vEI/5xpz07zSHB00TpugqhmYtVmMO6518mCuRMoOYFldEBl0g187ufozdaHgWKcYFb61qGiA==",
      "requires": {
        "balanced-match": "^1.0.0",
        "concat-map": "0.0.1"
      }
    },
    "concat-map": {
      "version": "0.0.1",
      "resolved": "https://registry.npmjs.org/concat-map/-/concat-map-0.0.1.tgz",
      "integrity": "sha1-2Klr13/Wjfd5OnMDajug1UBdR3s="
    },
    "fs.realpath": {
      "version": "1.0.0",
      "resolved": "https://registry.npmjs.org/fs.realpath/-/fs.realpath-1.0.0.tgz",
      "integrity": "sha1-FQStJSMVjKpA20onh8sBQRmU6k8="
    },
    "glob": {
      "version": "7.2.3",
      "resolved": "https://registry.npmjs.org/glob/-/glob-7.2.3.tgz",
      "integrity": "sha512-nFR0zLpU2YCaRxwoCJvL6UvCH2JFyFVIvwTLsIf21AuHlMskA1hhTdk+LlYJtOlYt9v6dvszD2BGRqBL+iQK9Q==",
      "requires": {
        "fs.realpath": "^1.0.0",
        "inflight": "^1.0.4",
        "inherits": "2",
        "minimatch": "^3.1.1",
        "once": "^1.3.0",
        "path-is-absolute": "^1.0.0"
      }
    },
    "inflight": {
      "version": "1.0.6",
      "resolved": "https://registry.npmjs.org/inflight/-/inflight-1.0.6.tgz",
      "integrity": "sha1-Sb1jMdfQLQwJvJEKEHW6gWW1bfk=",
      "requires": {
        "once": "^1.3.0",
        "wrappy": "1"
      }
    },
    "inherits": {
      "version": "2.0.4",
      "resolved": "https://registry.npmjs.org/inherits/-/inherits-2.0.4.tgz",
      "integrity": "sha512-k/vGaX4/Yla3WzyMCvTQOXYeIHvqOKtnqBduzTHpzpQZzAskKMhZ2K+EnBiSM9zGSoIFeMpXKxa4dYeZIQqewQ=="
    },
    "minimatch": {
      "version": "3.1.2",
      "resolved": "https://registry.npmjs.org/minimatch/-/minimatch-3.1.2.tgz",
      "integrity": "sha512-J7p63hRiAjw1NDEww1W7i37+ByIrOWO5XQQAzZ3VOcL0PNybwpfmV/N05zFAzwQ9USyEcX6t3UO+K5aqBQOIHw==",
      "requires": {
        "brace-expansion": "^1.1.7"
      }
    },
    "once": {
      "version": "1.4.0",
      "resolved": "https://registry.npmjs.org/once/-/once-1.4.0.tgz",
      "integrity": "sha1-WDsap3WWHUsROsF9nFC6753Xa9E=",
      "requires": {
        "wrappy": "1"
      }
    },
    "path-is-absolute": {
      "version": "1.0.1",
      "resolved": "https://registry.npmjs.org/path-is-absolute/-/path-is-absolute-1.0.1.tgz",
      "integrity": "sha1-F0uSaHNVNP+8es5r9TpanhtcX18="
    },
    "wrappy": {
      "version": "1.0.2",
      "resolved": "https://registry.npmjs.org/wrappy/-/wrappy-1.0.2.tgz",
      "integrity": "sha1-tSQ9jz7BqjXxNkYFvA0QNuMKtp8="
    }
  }
}
